
Microsoft Visual Studio Solution File, Format Version 12.00
# Visual Studio 14
VisualStudioVersion = 14.0.24720.0
MinimumVisualStudioVersion = 10.0.40219.1
Project("{FAE04EC0-301F-11D3-BF4B-00C04F79EFBC}") = "HelloOwinWeb", "HelloOwinWeb\HelloOwinWeb.csproj", "{3F5EBE41-DA37-4101-823E-B98BA0719B85}"
EndProject
Project("{FAE04EC0-301F-11D3-BF4B-00C04F79EFBC}") = "EFWebApiDemo.Data", "EFWebApiDemo.Data\EFWebApiDemo.Data.csproj", "{A4839BFA-26AE-4335-9AB0-A0553084C4B8}"
EndProject
Project("{FAE04EC0-301F-11D3-BF4B-00C04F79EFBC}") = "EFWebApiDemo.Entities", "EFWebApiDemo.Entities\EFWebApiDemo.Entities.csproj", "{C6A2DB9D-A2F9-4777-B7DF-1E1B11353046}"
EndProject
Global
	GlobalSection(SolutionConfigurationPlatforms) = preSolution
		Debug|Any CPU = Debug|Any CPU
		Release|Any CPU = Release|Any CPU
	EndGlobalSection
	GlobalSection(ProjectConfigurationPlatforms) = postSolution
		{3F5EBE41-DA37-4101-823E-B98BA0719B85}.Debug|Any CPU.ActiveCfg = Debug|Any CPU
		{3F5EBE41-DA37-4101-823E-B98BA0719B85}.Debug|Any CPU.Build.0 = Debug|Any CPU
		{3F5EBE41-DA37-4101-823E-B98BA0719B85}.Release|Any CPU.ActiveCfg = Release|Any CPU
		{3F5EBE41-DA37-4101-823E-B98BA0719B85}.Release|Any CPU.Build.0 = Release|Any CPU
		{A4839BFA-26AE-4335-9AB0-A0553084C4B8}.Debug|Any CPU.ActiveCfg = Debug|Any CPU
		{A4839BFA-26AE-4335-9AB0-A0553084C4B8}.Debug|Any CPU.Build.0 = Debug|Any CPU
		{A4839BFA-26AE-4335-9AB0-A0553084C4B8}.Release|Any CPU.ActiveCfg = Release|Any CPU
		{A4839BFA-26AE-4335-9AB0-A0553084C4B8}.Release|Any CPU.Build.0 = Release|Any CPU
		{C6A2DB9D-A2F9-4777-B7DF-1E1B11353046}.Debug|Any CPU.ActiveCfg = Debug|Any CPU
		{C6A2DB9D-A2F9-4777-B7DF-1E1B11353046}.Debug|Any CPU.Build.0 = Debug|Any CPU
		{C6A2DB9D-A2F9-4777-B7DF-1E1B11353046}.Release|Any CPU.ActiveCfg = Release|Any CPU
		{C6A2DB9D-A2F9-4777-B7DF-1E1B11353046}.Release|Any CPU.Build.0 = Release|Any CPU
	EndGlobalSection
	GlobalSection(SolutionProperties) = preSolution
		HideSolutionNode = FALSE
	EndGlobalSection
EndGlobal
